
Microsoft Visual Studio Solution File, Format Version 12.00
# Visual Studio Version 17
VisualStudioVersion = 17.9.34723.18
MinimumVisualStudioVersion = 10.0.40219.1
Project("{2150E333-8FDC-42A3-9474-1A3956D46DE8}") = "Frontend", "Frontend", "{5F469A13-BEAA-4D6B-B0C2-494FA10489E4}"
EndProject
Project("{2150E333-8FDC-42A3-9474-1A3956D46DE8}") = "Backend", "Backend", "{6E167C94-9CFC-40F2-B5E8-1F02B8B9D57E}"
EndProject
Project("{2150E333-8FDC-42A3-9474-1A3956D46DE8}") = "Shared", "Shared", "{B8CEB6AA-A145-4BF7-ADDE-21093FE4ECB9}"
EndProject
Project("{9A19103F-16F7-4668-BE54-9A1E7A4F7556}") = "AuthApi", "AuthApi\AuthApi.csproj", "{A3C495D9-CFE5-44F7-916C-D9D1C7F0A9DE}"
EndProject
Project("{9A19103F-16F7-4668-BE54-9A1E7A4F7556}") = "Shared", "Shared\Shared.csproj", "{3A4A33E4-2D85-4A6E-BA1D-6D00389495A8}"
EndProject
Project("{2150E333-8FDC-42A3-9474-1A3956D46DE8}") = "Server", "Server", "{F67B2D4F-86C8-42BC-9E59-E8C6C50F6859}"
EndProject
Project("{9A19103F-16F7-4668-BE54-9A1E7A4F7556}") = "BlazorServer", "BlazorServer\BlazorServer.csproj", "{C2314C5A-79EB-4ACD-8C6F-D40CCCA41A49}"
EndProject
Project("{2150E333-8FDC-42A3-9474-1A3956D46DE8}") = "Wasm", "Wasm", "{661E5375-1931-4F07-81AD-590FFC580506}"
EndProject
Project("{9A19103F-16F7-4668-BE54-9A1E7A4F7556}") = "BlazorWasm", "BlazorWasm\BlazorWasm.csproj", "{2A07F7BF-F389-4259-9C59-45E53A49498B}"
EndProject
Project("{2150E333-8FDC-42A3-9474-1A3956D46DE8}") = "Auto", "Auto", "{150B71E9-550C-42C8-9CAC-FE2941184189}"
EndProject
Project("{FAE04EC0-301F-11D3-BF4B-00C04F79EFBC}") = "BlazorAuto", "BlazorAuto\BlazorAuto\BlazorAuto.csproj", "{59170B25-4F73-4614-AC6D-41F11E4136D6}"
EndProject
Project("{FAE04EC0-301F-11D3-BF4B-00C04F79EFBC}") = "BlazorAuto.Client", "BlazorAuto\BlazorAuto.Client\BlazorAuto.Client.csproj", "{A1872403-C599-4FCB-B144-5C2474FCBF7C}"
EndProject
Global
	GlobalSection(SolutionConfigurationPlatforms) = preSolution
		Debug|Any CPU = Debug|Any CPU
		Release|Any CPU = Release|Any CPU
	EndGlobalSection
	GlobalSection(ProjectConfigurationPlatforms) = postSolution
		{A3C495D9-CFE5-44F7-916C-D9D1C7F0A9DE}.Debug|Any CPU.ActiveCfg = Debug|Any CPU
		{A3C495D9-CFE5-44F7-916C-D9D1C7F0A9DE}.Debug|Any CPU.Build.0 = Debug|Any CPU
		{A3C495D9-CFE5-44F7-916C-D9D1C7F0A9DE}.Release|Any CPU.ActiveCfg = Release|Any CPU
		{A3C495D9-CFE5-44F7-916C-D9D1C7F0A9DE}.Release|Any CPU.Build.0 = Release|Any CPU
		{3A4A33E4-2D85-4A6E-BA1D-6D00389495A8}.Debug|Any CPU.ActiveCfg = Debug|Any CPU
		{3A4A33E4-2D85-4A6E-BA1D-6D00389495A8}.Debug|Any CPU.Build.0 = Debug|Any CPU
		{3A4A33E4-2D85-4A6E-BA1D-6D00389495A8}.Release|Any CPU.ActiveCfg = Release|Any CPU
		{3A4A33E4-2D85-4A6E-BA1D-6D00389495A8}.Release|Any CPU.Build.0 = Release|Any CPU
		{C2314C5A-79EB-4ACD-8C6F-D40CCCA41A49}.Debug|Any CPU.ActiveCfg = Debug|Any CPU
		{C2314C5A-79EB-4ACD-8C6F-D40CCCA41A49}.Debug|Any CPU.Build.0 = Debug|Any CPU
		{C2314C5A-79EB-4ACD-8C6F-D40CCCA41A49}.Release|Any CPU.ActiveCfg = Release|Any CPU
		{C2314C5A-79EB-4ACD-8C6F-D40CCCA41A49}.Release|Any CPU.Build.0 = Release|Any CPU
		{2A07F7BF-F389-4259-9C59-45E53A49498B}.Debug|Any CPU.ActiveCfg = Debug|Any CPU
		{2A07F7BF-F389-4259-9C59-45E53A49498B}.Debug|Any CPU.Build.0 = Debug|Any CPU
		{2A07F7BF-F389-4259-9C59-45E53A49498B}.Release|Any CPU.ActiveCfg = Release|Any CPU
		{2A07F7BF-F389-4259-9C59-45E53A49498B}.Release|Any CPU.Build.0 = Release|Any CPU
		{59170B25-4F73-4614-AC6D-41F11E4136D6}.Debug|Any CPU.ActiveCfg = Debug|Any CPU
		{59170B25-4F73-4614-AC6D-41F11E4136D6}.Debug|Any CPU.Build.0 = Debug|Any CPU
		{59170B25-4F73-4614-AC6D-41F11E4136D6}.Release|Any CPU.ActiveCfg = Release|Any CPU
		{59170B25-4F73-4614-AC6D-41F11E4136D6}.Release|Any CPU.Build.0 = Release|Any CPU
		{A1872403-C599-4FCB-B144-5C2474FCBF7C}.Debug|Any CPU.ActiveCfg = Debug|Any CPU
		{A1872403-C599-4FCB-B144-5C2474FCBF7C}.Debug|Any CPU.Build.0 = Debug|Any CPU
		{A1872403-C599-4FCB-B144-5C2474FCBF7C}.Release|Any CPU.ActiveCfg = Release|Any CPU
		{A1872403-C599-4FCB-B144-5C2474FCBF7C}.Release|Any CPU.Build.0 = Release|Any CPU
	EndGlobalSection
	GlobalSection(SolutionProperties) = preSolution
		HideSolutionNode = FALSE
	EndGlobalSection
	GlobalSection(NestedProjects) = preSolution
		{A3C495D9-CFE5-44F7-916C-D9D1C7F0A9DE} = {6E167C94-9CFC-40F2-B5E8-1F02B8B9D57E}
		{3A4A33E4-2D85-4A6E-BA1D-6D00389495A8} = {B8CEB6AA-A145-4BF7-ADDE-21093FE4ECB9}
		{F67B2D4F-86C8-42BC-9E59-E8C6C50F6859} = {5F469A13-BEAA-4D6B-B0C2-494FA10489E4}
		{C2314C5A-79EB-4ACD-8C6F-D40CCCA41A49} = {F67B2D4F-86C8-42BC-9E59-E8C6C50F6859}
		{661E5375-1931-4F07-81AD-590FFC580506} = {5F469A13-BEAA-4D6B-B0C2-494FA10489E4}
		{2A07F7BF-F389-4259-9C59-45E53A49498B} = {661E5375-1931-4F07-81AD-590FFC580506}
		{150B71E9-550C-42C8-9CAC-FE2941184189} = {5F469A13-BEAA-4D6B-B0C2-494FA10489E4}
		{59170B25-4F73-4614-AC6D-41F11E4136D6} = {150B71E9-550C-42C8-9CAC-FE2941184189}
		{A1872403-C599-4FCB-B144-5C2474FCBF7C} = {150B71E9-550C-42C8-9CAC-FE2941184189}
	EndGlobalSection
	GlobalSection(ExtensibilityGlobals) = postSolution
		SolutionGuid = {2C6D4E7D-860F-403E-BE29-D771CFE52489}
	EndGlobalSection
EndGlobal
